
Microsoft Visual Studio Solution File, Format Version 12.00
# Visual Studio 15
VisualStudioVersion = 15.0.28307.329
MinimumVisualStudioVersion = 10.0.40219.1
Project("{FAE04EC0-301F-11D3-BF4B-00C04F79EFBC}") = "OpenVRNotificationTest", "OpenVRNotificationTest\OpenVRNotificationTest.csproj", "{945F32DF-0961-49DF-B235-A75CAF9DD880}"
EndProject
Global
	GlobalSection(SolutionConfigurationPlatforms) = preSolution
		Debug|Any CPU = Debug|Any CPU
		Release|Any CPU = Release|Any CPU
	EndGlobalSection
	GlobalSection(ProjectConfigurationPlatforms) = postSolution
		{945F32DF-0961-49DF-B235-A75CAF9DD880}.Debug|Any CPU.ActiveCfg = Debug|Any CPU
		{945F32DF-0961-49DF-B235-A75CAF9DD880}.Debug|Any CPU.Build.0 = Debug|Any CPU
		{945F32DF-0961-49DF-B235-A75CAF9DD880}.Release|Any CPU.ActiveCfg = Release|Any CPU
		{945F32DF-0961-49DF-B235-A75CAF9DD880}.Release|Any CPU.Build.0 = Release|Any CPU
	EndGlobalSection
	GlobalSection(SolutionProperties) = preSolution
		HideSolutionNode = FALSE
	EndGlobalSection
	GlobalSection(ExtensibilityGlobals) = postSolution
		SolutionGuid = {C24B92F4-4352-4EE3-B8A5-30738BFF7F61}
	EndGlobalSection
EndGlobal
